
Microsoft Visual Studio Solution File, Format Version 12.00
# Visual Studio Version 17
VisualStudioVersion = 17.3.32922.545
MinimumVisualStudioVersion = 10.0.40219.1
Project("{FAE04EC0-301F-11D3-BF4B-00C04F79EFBC}") = "Day7", "Day7.csproj", "{D1FB3E80-AE35-46B5-9E6F-809BE4548EEE}"
EndProject
Global
	GlobalSection(SolutionConfigurationPlatforms) = preSolution
		Debug|Any CPU = Debug|Any CPU
		Release|Any CPU = Release|Any CPU
	EndGlobalSection
	GlobalSection(ProjectConfigurationPlatforms) = postSolution
		{D1FB3E80-AE35-46B5-9E6F-809BE4548EEE}.Debug|Any CPU.ActiveCfg = Debug|Any CPU
		{D1FB3E80-AE35-46B5-9E6F-809BE4548EEE}.Debug|Any CPU.Build.0 = Debug|Any CPU
		{D1FB3E80-AE35-46B5-9E6F-809BE4548EEE}.Release|Any CPU.ActiveCfg = Release|Any CPU
		{D1FB3E80-AE35-46B5-9E6F-809BE4548EEE}.Release|Any CPU.Build.0 = Release|Any CPU
	EndGlobalSection
	GlobalSection(SolutionProperties) = preSolution
		HideSolutionNode = FALSE
	EndGlobalSection
	GlobalSection(ExtensibilityGlobals) = postSolution
		SolutionGuid = {11CD9AEF-58B6-42F1-90DC-CDA3248BD6EC}
	EndGlobalSection
EndGlobal
