
Microsoft Visual Studio Solution File, Format Version 12.00
# Visual Studio Version 17
VisualStudioVersion = 17.3.32922.545
MinimumVisualStudioVersion = 10.0.40219.1
Project("{FAE04EC0-301F-11D3-BF4B-00C04F79EFBC}") = "Day5", "Day5.csproj", "{868F0EF4-68E9-4A17-8400-712CA0FFA285}"
EndProject
Global
	GlobalSection(SolutionConfigurationPlatforms) = preSolution
		Debug|Any CPU = Debug|Any CPU
		Release|Any CPU = Release|Any CPU
	EndGlobalSection
	GlobalSection(ProjectConfigurationPlatforms) = postSolution
		{868F0EF4-68E9-4A17-8400-712CA0FFA285}.Debug|Any CPU.ActiveCfg = Debug|Any CPU
		{868F0EF4-68E9-4A17-8400-712CA0FFA285}.Debug|Any CPU.Build.0 = Debug|Any CPU
		{868F0EF4-68E9-4A17-8400-712CA0FFA285}.Release|Any CPU.ActiveCfg = Release|Any CPU
		{868F0EF4-68E9-4A17-8400-712CA0FFA285}.Release|Any CPU.Build.0 = Release|Any CPU
	EndGlobalSection
	GlobalSection(SolutionProperties) = preSolution
		HideSolutionNode = FALSE
	EndGlobalSection
	GlobalSection(ExtensibilityGlobals) = postSolution
		SolutionGuid = {D1480D7B-5EA5-4DA5-A71A-0F88D6910E46}
	EndGlobalSection
EndGlobal
